
Microsoft Visual Studio Solution File, Format Version 12.00
Project("{FAE04EC0-301F-11D3-BF4B-00C04F79EFBC}") = "Logistic.Presentation", "Logistic.Presentation\Logistic.Presentation.csproj", "{A5D21263-6631-4756-9127-6C7D2D89DEFF}"
EndProject
Project("{FAE04EC0-301F-11D3-BF4B-00C04F79EFBC}") = "Logistic.Domain", "Logistic.Domain\Logistic.Domain.csproj", "{3A209734-00DE-47C2-BDA0-B09F6F074858}"
EndProject
Project("{FAE04EC0-301F-11D3-BF4B-00C04F79EFBC}") = "Logistic.Infrastructure", "Logistic.Infrastructure\Logistic.Infrastructure.csproj", "{810AF7F9-19BE-4418-BE3D-AFC9DA638164}"
EndProject
Project("{FAE04EC0-301F-11D3-BF4B-00C04F79EFBC}") = "Logistic.Business", "Logistic.Business\Logistic.Business.csproj", "{689D694A-5108-4889-B183-A3AFC12C3A99}"
EndProject
Global
	GlobalSection(SolutionConfigurationPlatforms) = preSolution
		Debug|Any CPU = Debug|Any CPU
		Release|Any CPU = Release|Any CPU
	EndGlobalSection
	GlobalSection(ProjectConfigurationPlatforms) = postSolution
		{A5D21263-6631-4756-9127-6C7D2D89DEFF}.Debug|Any CPU.ActiveCfg = Debug|Any CPU
		{A5D21263-6631-4756-9127-6C7D2D89DEFF}.Debug|Any CPU.Build.0 = Debug|Any CPU
		{A5D21263-6631-4756-9127-6C7D2D89DEFF}.Release|Any CPU.ActiveCfg = Release|Any CPU
		{A5D21263-6631-4756-9127-6C7D2D89DEFF}.Release|Any CPU.Build.0 = Release|Any CPU
		{3A209734-00DE-47C2-BDA0-B09F6F074858}.Debug|Any CPU.ActiveCfg = Debug|Any CPU
		{3A209734-00DE-47C2-BDA0-B09F6F074858}.Debug|Any CPU.Build.0 = Debug|Any CPU
		{3A209734-00DE-47C2-BDA0-B09F6F074858}.Release|Any CPU.ActiveCfg = Release|Any CPU
		{3A209734-00DE-47C2-BDA0-B09F6F074858}.Release|Any CPU.Build.0 = Release|Any CPU
		{810AF7F9-19BE-4418-BE3D-AFC9DA638164}.Debug|Any CPU.ActiveCfg = Debug|Any CPU
		{810AF7F9-19BE-4418-BE3D-AFC9DA638164}.Debug|Any CPU.Build.0 = Debug|Any CPU
		{810AF7F9-19BE-4418-BE3D-AFC9DA638164}.Release|Any CPU.ActiveCfg = Release|Any CPU
		{810AF7F9-19BE-4418-BE3D-AFC9DA638164}.Release|Any CPU.Build.0 = Release|Any CPU
		{689D694A-5108-4889-B183-A3AFC12C3A99}.Debug|Any CPU.ActiveCfg = Debug|Any CPU
		{689D694A-5108-4889-B183-A3AFC12C3A99}.Debug|Any CPU.Build.0 = Debug|Any CPU
		{689D694A-5108-4889-B183-A3AFC12C3A99}.Release|Any CPU.ActiveCfg = Release|Any CPU
		{689D694A-5108-4889-B183-A3AFC12C3A99}.Release|Any CPU.Build.0 = Release|Any CPU
	EndGlobalSection
EndGlobal
